
Microsoft Visual Studio Solution File, Format Version 12.00
# Visual Studio Version 17
VisualStudioVersion = 17.10.35004.147
MinimumVisualStudioVersion = 10.0.40219.1
Project("{9A19103F-16F7-4668-BE54-9A1E7A4F7556}") = "Rotas.API", "src\Rotas.API.csproj", "{C734AA77-151C-4E8C-9BDA-015A06C62405}"
EndProject
Project("{FAE04EC0-301F-11D3-BF4B-00C04F79EFBC}") = "Rotas.Tests", "Rotas.Tests\Rotas.Tests.csproj", "{ED1FBF67-2814-473B-B5C3-5F2DF86E136A}"
EndProject
Global
	GlobalSection(SolutionConfigurationPlatforms) = preSolution
		Debug|Any CPU = Debug|Any CPU
		Release|Any CPU = Release|Any CPU
	EndGlobalSection
	GlobalSection(ProjectConfigurationPlatforms) = postSolution
		{C734AA77-151C-4E8C-9BDA-015A06C62405}.Debug|Any CPU.ActiveCfg = Debug|Any CPU
		{C734AA77-151C-4E8C-9BDA-015A06C62405}.Debug|Any CPU.Build.0 = Debug|Any CPU
		{C734AA77-151C-4E8C-9BDA-015A06C62405}.Release|Any CPU.ActiveCfg = Release|Any CPU
		{C734AA77-151C-4E8C-9BDA-015A06C62405}.Release|Any CPU.Build.0 = Release|Any CPU
		{ED1FBF67-2814-473B-B5C3-5F2DF86E136A}.Debug|Any CPU.ActiveCfg = Debug|Any CPU
		{ED1FBF67-2814-473B-B5C3-5F2DF86E136A}.Debug|Any CPU.Build.0 = Debug|Any CPU
		{ED1FBF67-2814-473B-B5C3-5F2DF86E136A}.Release|Any CPU.ActiveCfg = Release|Any CPU
		{ED1FBF67-2814-473B-B5C3-5F2DF86E136A}.Release|Any CPU.Build.0 = Release|Any CPU
	EndGlobalSection
	GlobalSection(SolutionProperties) = preSolution
		HideSolutionNode = FALSE
	EndGlobalSection
	GlobalSection(ExtensibilityGlobals) = postSolution
		SolutionGuid = {9C18F548-93E9-4484-804F-65907F63A387}
	EndGlobalSection
EndGlobal
